
Microsoft Visual Studio Solution File, Format Version 12.00
# Visual Studio Version 17
VisualStudioVersion = 17.6.33717.318
MinimumVisualStudioVersion = 10.0.40219.1
Project("{9A19103F-16F7-4668-BE54-9A1E7A4F7556}") = "inventarioAPI", "inventarioAPI\inventarioAPI.csproj", "{723DEF2D-6C02-4057-9B2E-06281B48A406}"
EndProject
Project("{FAE04EC0-301F-11D3-BF4B-00C04F79EFBC}") = "Domain", "Domain\Domain.csproj", "{00B17178-34B3-45EE-AA73-A04FC7842B0F}"
EndProject
Global
	GlobalSection(SolutionConfigurationPlatforms) = preSolution
		Debug|Any CPU = Debug|Any CPU
		Release|Any CPU = Release|Any CPU
	EndGlobalSection
	GlobalSection(ProjectConfigurationPlatforms) = postSolution
		{723DEF2D-6C02-4057-9B2E-06281B48A406}.Debug|Any CPU.ActiveCfg = Debug|Any CPU
		{723DEF2D-6C02-4057-9B2E-06281B48A406}.Debug|Any CPU.Build.0 = Debug|Any CPU
		{723DEF2D-6C02-4057-9B2E-06281B48A406}.Release|Any CPU.ActiveCfg = Release|Any CPU
		{723DEF2D-6C02-4057-9B2E-06281B48A406}.Release|Any CPU.Build.0 = Release|Any CPU
		{00B17178-34B3-45EE-AA73-A04FC7842B0F}.Debug|Any CPU.ActiveCfg = Debug|Any CPU
		{00B17178-34B3-45EE-AA73-A04FC7842B0F}.Debug|Any CPU.Build.0 = Debug|Any CPU
		{00B17178-34B3-45EE-AA73-A04FC7842B0F}.Release|Any CPU.ActiveCfg = Release|Any CPU
		{00B17178-34B3-45EE-AA73-A04FC7842B0F}.Release|Any CPU.Build.0 = Release|Any CPU
	EndGlobalSection
	GlobalSection(SolutionProperties) = preSolution
		HideSolutionNode = FALSE
	EndGlobalSection
	GlobalSection(ExtensibilityGlobals) = postSolution
		SolutionGuid = {93F41CD2-9BC9-4A8F-9B6D-B3E049D49F66}
	EndGlobalSection
EndGlobal
